
Microsoft Visual Studio Solution File, Format Version 12.00
# Visual Studio Version 17
VisualStudioVersion = 17.8.34511.84
MinimumVisualStudioVersion = 10.0.40219.1
Project("{9A19103F-16F7-4668-BE54-9A1E7A4F7556}") = "1+2+3", "1\1+2+3.csproj", "{2DD357BD-BD1E-4AA4-9414-FCB6F8AB63B3}"
EndProject
Project("{FAE04EC0-301F-11D3-BF4B-00C04F79EFBC}") = "4", "4\4.csproj", "{C100379E-1E93-4804-A98C-17528931FD88}"
EndProject
Project("{FAE04EC0-301F-11D3-BF4B-00C04F79EFBC}") = "5", "5\5.csproj", "{BAD15617-6269-4EED-8A22-8981AA00C7EC}"
EndProject
Global
	GlobalSection(SolutionConfigurationPlatforms) = preSolution
		Debug|Any CPU = Debug|Any CPU
		Release|Any CPU = Release|Any CPU
	EndGlobalSection
	GlobalSection(ProjectConfigurationPlatforms) = postSolution
		{2DD357BD-BD1E-4AA4-9414-FCB6F8AB63B3}.Debug|Any CPU.ActiveCfg = Debug|Any CPU
		{2DD357BD-BD1E-4AA4-9414-FCB6F8AB63B3}.Debug|Any CPU.Build.0 = Debug|Any CPU
		{2DD357BD-BD1E-4AA4-9414-FCB6F8AB63B3}.Release|Any CPU.ActiveCfg = Release|Any CPU
		{2DD357BD-BD1E-4AA4-9414-FCB6F8AB63B3}.Release|Any CPU.Build.0 = Release|Any CPU
		{C100379E-1E93-4804-A98C-17528931FD88}.Debug|Any CPU.ActiveCfg = Debug|Any CPU
		{C100379E-1E93-4804-A98C-17528931FD88}.Debug|Any CPU.Build.0 = Debug|Any CPU
		{C100379E-1E93-4804-A98C-17528931FD88}.Release|Any CPU.ActiveCfg = Release|Any CPU
		{C100379E-1E93-4804-A98C-17528931FD88}.Release|Any CPU.Build.0 = Release|Any CPU
		{BAD15617-6269-4EED-8A22-8981AA00C7EC}.Debug|Any CPU.ActiveCfg = Debug|Any CPU
		{BAD15617-6269-4EED-8A22-8981AA00C7EC}.Debug|Any CPU.Build.0 = Debug|Any CPU
		{BAD15617-6269-4EED-8A22-8981AA00C7EC}.Release|Any CPU.ActiveCfg = Release|Any CPU
		{BAD15617-6269-4EED-8A22-8981AA00C7EC}.Release|Any CPU.Build.0 = Release|Any CPU
	EndGlobalSection
	GlobalSection(SolutionProperties) = preSolution
		HideSolutionNode = FALSE
	EndGlobalSection
	GlobalSection(ExtensibilityGlobals) = postSolution
		SolutionGuid = {CD61C0A4-1CF1-473E-BC37-AF1841FB18D4}
	EndGlobalSection
EndGlobal
